
Microsoft Visual Studio Solution File, Format Version 12.00
# Visual Studio 14
VisualStudioVersion = 14.0.25123.0
MinimumVisualStudioVersion = 10.0.40219.1
Project("{FAE04EC0-301F-11D3-BF4B-00C04F79EFBC}") = "Bitly", "Bitly\Bitly.csproj", "{1AB268D0-AB42-4391-BB2B-EFCA6B3CF9ED}"
EndProject
Project("{FAE04EC0-301F-11D3-BF4B-00C04F79EFBC}") = "Bitly.Tests", "Bitly.Tests\Bitly.Tests.csproj", "{1D9CD647-E359-4660-9080-71F19FDF7620}"
EndProject
Project("{2150E333-8FDC-42A3-9474-1A3956D46DE8}") = "BitLy.DAL", "BitLy.DAL", "{C286F849-038C-4ACF-98A6-97532587E2C9}"
EndProject
Project("{2150E333-8FDC-42A3-9474-1A3956D46DE8}") = "BitLy.BL", "BitLy.BL", "{A642EE32-5234-4382-9324-7FDB498FDB14}"
EndProject
Project("{FAE04EC0-301F-11D3-BF4B-00C04F79EFBC}") = "BitLy.BL.LinksFactory", "Links\BitLy.BL.LinksFactory.csproj", "{31FEE88D-D4A8-42F7-93A0-BE64F1BE10BC}"
EndProject
Project("{FAE04EC0-301F-11D3-BF4B-00C04F79EFBC}") = "BitLy.DAL.EF", "BitLy.DAL.EF\BitLy.DAL.EF.csproj", "{21B1B4B4-4B4B-4C83-8899-4620AE95E3DC}"
EndProject
Project("{FAE04EC0-301F-11D3-BF4B-00C04F79EFBC}") = "BitLy.BL.LinksFactory.Test", "BitLy.BL.LinksFactory.Test\BitLy.BL.LinksFactory.Test.csproj", "{79A110B3-28A2-4357-947F-2895C7AA2DED}"
EndProject
Project("{FAE04EC0-301F-11D3-BF4B-00C04F79EFBC}") = "BitLy.Dal.Repositories", "BitLy.Dal.Repositories\BitLy.DAL.Repositories.csproj", "{ABDBC6EC-A6A0-482A-921E-43DC2E952A50}"
EndProject
Project("{FAE04EC0-301F-11D3-BF4B-00C04F79EFBC}") = "BitLy.DAL.Entities", "BitLy.DAL.Entities\BitLy.DAL.Entities.csproj", "{996510B8-784B-41C1-BF02-20C7927324C5}"
EndProject
Project("{2150E333-8FDC-42A3-9474-1A3956D46DE8}") = "Shared Libraries", "Shared Libraries", "{1531A872-8D02-4448-8750-AF2025E21BCB}"
EndProject
Project("{FAE04EC0-301F-11D3-BF4B-00C04F79EFBC}") = "BitLy.CacheHelper", "BitLy.CacheHelper\BitLy.CacheHelper.csproj", "{241F0CF4-923C-45C3-8DBF-6756176B6C8D}"
EndProject
Global
	GlobalSection(SolutionConfigurationPlatforms) = preSolution
		Debug|Any CPU = Debug|Any CPU
		Release|Any CPU = Release|Any CPU
	EndGlobalSection
	GlobalSection(ProjectConfigurationPlatforms) = postSolution
		{1AB268D0-AB42-4391-BB2B-EFCA6B3CF9ED}.Debug|Any CPU.ActiveCfg = Debug|Any CPU
		{1AB268D0-AB42-4391-BB2B-EFCA6B3CF9ED}.Debug|Any CPU.Build.0 = Debug|Any CPU
		{1AB268D0-AB42-4391-BB2B-EFCA6B3CF9ED}.Release|Any CPU.ActiveCfg = Release|Any CPU
		{1AB268D0-AB42-4391-BB2B-EFCA6B3CF9ED}.Release|Any CPU.Build.0 = Release|Any CPU
		{1D9CD647-E359-4660-9080-71F19FDF7620}.Debug|Any CPU.ActiveCfg = Debug|Any CPU
		{1D9CD647-E359-4660-9080-71F19FDF7620}.Debug|Any CPU.Build.0 = Debug|Any CPU
		{1D9CD647-E359-4660-9080-71F19FDF7620}.Release|Any CPU.ActiveCfg = Release|Any CPU
		{1D9CD647-E359-4660-9080-71F19FDF7620}.Release|Any CPU.Build.0 = Release|Any CPU
		{31FEE88D-D4A8-42F7-93A0-BE64F1BE10BC}.Debug|Any CPU.ActiveCfg = Debug|Any CPU
		{31FEE88D-D4A8-42F7-93A0-BE64F1BE10BC}.Debug|Any CPU.Build.0 = Debug|Any CPU
		{31FEE88D-D4A8-42F7-93A0-BE64F1BE10BC}.Release|Any CPU.ActiveCfg = Release|Any CPU
		{31FEE88D-D4A8-42F7-93A0-BE64F1BE10BC}.Release|Any CPU.Build.0 = Release|Any CPU
		{21B1B4B4-4B4B-4C83-8899-4620AE95E3DC}.Debug|Any CPU.ActiveCfg = Debug|Any CPU
		{21B1B4B4-4B4B-4C83-8899-4620AE95E3DC}.Debug|Any CPU.Build.0 = Debug|Any CPU
		{21B1B4B4-4B4B-4C83-8899-4620AE95E3DC}.Release|Any CPU.ActiveCfg = Release|Any CPU
		{21B1B4B4-4B4B-4C83-8899-4620AE95E3DC}.Release|Any CPU.Build.0 = Release|Any CPU
		{79A110B3-28A2-4357-947F-2895C7AA2DED}.Debug|Any CPU.ActiveCfg = Debug|Any CPU
		{79A110B3-28A2-4357-947F-2895C7AA2DED}.Debug|Any CPU.Build.0 = Debug|Any CPU
		{79A110B3-28A2-4357-947F-2895C7AA2DED}.Release|Any CPU.ActiveCfg = Release|Any CPU
		{79A110B3-28A2-4357-947F-2895C7AA2DED}.Release|Any CPU.Build.0 = Release|Any CPU
		{ABDBC6EC-A6A0-482A-921E-43DC2E952A50}.Debug|Any CPU.ActiveCfg = Debug|Any CPU
		{ABDBC6EC-A6A0-482A-921E-43DC2E952A50}.Debug|Any CPU.Build.0 = Debug|Any CPU
		{ABDBC6EC-A6A0-482A-921E-43DC2E952A50}.Release|Any CPU.ActiveCfg = Release|Any CPU
		{ABDBC6EC-A6A0-482A-921E-43DC2E952A50}.Release|Any CPU.Build.0 = Release|Any CPU
		{996510B8-784B-41C1-BF02-20C7927324C5}.Debug|Any CPU.ActiveCfg = Debug|Any CPU
		{996510B8-784B-41C1-BF02-20C7927324C5}.Debug|Any CPU.Build.0 = Debug|Any CPU
		{996510B8-784B-41C1-BF02-20C7927324C5}.Release|Any CPU.ActiveCfg = Release|Any CPU
		{996510B8-784B-41C1-BF02-20C7927324C5}.Release|Any CPU.Build.0 = Release|Any CPU
		{241F0CF4-923C-45C3-8DBF-6756176B6C8D}.Debug|Any CPU.ActiveCfg = Debug|Any CPU
		{241F0CF4-923C-45C3-8DBF-6756176B6C8D}.Debug|Any CPU.Build.0 = Debug|Any CPU
		{241F0CF4-923C-45C3-8DBF-6756176B6C8D}.Release|Any CPU.ActiveCfg = Release|Any CPU
		{241F0CF4-923C-45C3-8DBF-6756176B6C8D}.Release|Any CPU.Build.0 = Release|Any CPU
	EndGlobalSection
	GlobalSection(SolutionProperties) = preSolution
		HideSolutionNode = FALSE
	EndGlobalSection
	GlobalSection(NestedProjects) = preSolution
		{31FEE88D-D4A8-42F7-93A0-BE64F1BE10BC} = {A642EE32-5234-4382-9324-7FDB498FDB14}
		{21B1B4B4-4B4B-4C83-8899-4620AE95E3DC} = {C286F849-038C-4ACF-98A6-97532587E2C9}
		{79A110B3-28A2-4357-947F-2895C7AA2DED} = {A642EE32-5234-4382-9324-7FDB498FDB14}
		{ABDBC6EC-A6A0-482A-921E-43DC2E952A50} = {C286F849-038C-4ACF-98A6-97532587E2C9}
		{996510B8-784B-41C1-BF02-20C7927324C5} = {C286F849-038C-4ACF-98A6-97532587E2C9}
		{241F0CF4-923C-45C3-8DBF-6756176B6C8D} = {1531A872-8D02-4448-8750-AF2025E21BCB}
	EndGlobalSection
EndGlobal
